{
  "name": "hours_test",
  "version": "1.0.4",
  "lockfileVersion": 2,
  "requires": true,
  "packages": {
    "": {
      "name": "hours_test",
      "version": "1.0.4",
      "license": "ISC",
      "dependencies": {
        "hours_test": "^1.0.4"
      }
    },
    "node_modules/hours_test": {
      "version": "1.0.4",
      "resolved": "https://registry.npmjs.org/hours_test/-/hours_test-1.0.4.tgz",
      "integrity": "sha512-JHNWKIWNf2gqOpnNvQaPIS3k1DhsCchgigF2e9x6w0ylhqgBK88s3s9MLri13zCosu0aWe5FumhljoxM7nrfRg=="
    }
  },
  "dependencies": {
    "hours_test": {
      "version": "1.0.4",
      "resolved": "https://registry.npmjs.org/hours_test/-/hours_test-1.0.4.tgz",
      "integrity": "sha512-JHNWKIWNf2gqOpnNvQaPIS3k1DhsCchgigF2e9x6w0ylhqgBK88s3s9MLri13zCosu0aWe5FumhljoxM7nrfRg=="
    }
  }
}
